
Microsoft Visual Studio Solution File, Format Version 12.00
# Visual Studio Version 17
VisualStudioVersion = 17.14.36603.0
MinimumVisualStudioVersion = 10.0.40219.1
Project("{FAE04EC0-301F-11D3-BF4B-00C04F79EFBC}") = "XDR-Detection", "XDR-Detection.csproj", "{669785AB-BE86-4409-A91F-1BDBFAAF1014}"
EndProject
Project("{FAE04EC0-301F-11D3-BF4B-00C04F79EFBC}") = "XDR-Classes", "..\XDR-Classes\XDR-Classes.csproj", "{975FD6CD-1B92-BA04-4D0A-C17D3D991FD9}"
EndProject
Project("{FAE04EC0-301F-11D3-BF4B-00C04F79EFBC}") = "Services", "..\services\Services.csproj", "{6383C15B-5AA6-14CC-E6DE-B8C238620A33}"
EndProject
Project("{FAE04EC0-301F-11D3-BF4B-00C04F79EFBC}") = "ErrorHandler", "..\ErrorHandler\ErrorHandler.csproj", "{CDC68E64-66A5-F2E9-DF50-A1344DD063A8}"
EndProject
Global
	GlobalSection(SolutionConfigurationPlatforms) = preSolution
		Debug|Any CPU = Debug|Any CPU
		Release|Any CPU = Release|Any CPU
	EndGlobalSection
	GlobalSection(ProjectConfigurationPlatforms) = postSolution
		{669785AB-BE86-4409-A91F-1BDBFAAF1014}.Debug|Any CPU.ActiveCfg = Debug|Any CPU
		{669785AB-BE86-4409-A91F-1BDBFAAF1014}.Debug|Any CPU.Build.0 = Debug|Any CPU
		{669785AB-BE86-4409-A91F-1BDBFAAF1014}.Release|Any CPU.ActiveCfg = Release|Any CPU
		{669785AB-BE86-4409-A91F-1BDBFAAF1014}.Release|Any CPU.Build.0 = Release|Any CPU
		{975FD6CD-1B92-BA04-4D0A-C17D3D991FD9}.Debug|Any CPU.ActiveCfg = Debug|Any CPU
		{975FD6CD-1B92-BA04-4D0A-C17D3D991FD9}.Debug|Any CPU.Build.0 = Debug|Any CPU
		{975FD6CD-1B92-BA04-4D0A-C17D3D991FD9}.Release|Any CPU.ActiveCfg = Release|Any CPU
		{975FD6CD-1B92-BA04-4D0A-C17D3D991FD9}.Release|Any CPU.Build.0 = Release|Any CPU
		{6383C15B-5AA6-14CC-E6DE-B8C238620A33}.Debug|Any CPU.ActiveCfg = Debug|Any CPU
		{6383C15B-5AA6-14CC-E6DE-B8C238620A33}.Debug|Any CPU.Build.0 = Debug|Any CPU
		{6383C15B-5AA6-14CC-E6DE-B8C238620A33}.Release|Any CPU.ActiveCfg = Release|Any CPU
		{6383C15B-5AA6-14CC-E6DE-B8C238620A33}.Release|Any CPU.Build.0 = Release|Any CPU
		{CDC68E64-66A5-F2E9-DF50-A1344DD063A8}.Debug|Any CPU.ActiveCfg = Debug|Any CPU
		{CDC68E64-66A5-F2E9-DF50-A1344DD063A8}.Debug|Any CPU.Build.0 = Debug|Any CPU
		{CDC68E64-66A5-F2E9-DF50-A1344DD063A8}.Release|Any CPU.ActiveCfg = Release|Any CPU
		{CDC68E64-66A5-F2E9-DF50-A1344DD063A8}.Release|Any CPU.Build.0 = Release|Any CPU
	EndGlobalSection
	GlobalSection(SolutionProperties) = preSolution
		HideSolutionNode = FALSE
	EndGlobalSection
	GlobalSection(ExtensibilityGlobals) = postSolution
		SolutionGuid = {67215175-D4AA-4965-A58A-81E54292BA82}
	EndGlobalSection
EndGlobal
