
Microsoft Visual Studio Solution File, Format Version 12.00
# Visual Studio Version 17
VisualStudioVersion = 17.14.36603.0
MinimumVisualStudioVersion = 10.0.40219.1
Project("{FAE04EC0-301F-11D3-BF4B-00C04F79EFBC}") = "XDR-Agent", "XDR-Agent.csproj", "{373CB40D-6D4E-4C98-9A5F-730CFE6A5AD2}"
EndProject
Global
	GlobalSection(SolutionConfigurationPlatforms) = preSolution
		Debug|Any CPU = Debug|Any CPU
		Release|Any CPU = Release|Any CPU
	EndGlobalSection
	GlobalSection(ProjectConfigurationPlatforms) = postSolution
		{373CB40D-6D4E-4C98-9A5F-730CFE6A5AD2}.Debug|Any CPU.ActiveCfg = Debug|Any CPU
		{373CB40D-6D4E-4C98-9A5F-730CFE6A5AD2}.Debug|Any CPU.Build.0 = Debug|Any CPU
		{373CB40D-6D4E-4C98-9A5F-730CFE6A5AD2}.Release|Any CPU.ActiveCfg = Release|Any CPU
		{373CB40D-6D4E-4C98-9A5F-730CFE6A5AD2}.Release|Any CPU.Build.0 = Release|Any CPU
		{0DE001E8-2251-65DE-ACCC-1A44F29F0713}.Debug|Any CPU.ActiveCfg = Debug|Any CPU
		{0DE001E8-2251-65DE-ACCC-1A44F29F0713}.Debug|Any CPU.Build.0 = Debug|Any CPU
		{0DE001E8-2251-65DE-ACCC-1A44F29F0713}.Release|Any CPU.ActiveCfg = Release|Any CPU
		{0DE001E8-2251-65DE-ACCC-1A44F29F0713}.Release|Any CPU.Build.0 = Release|Any CPU
	EndGlobalSection
	GlobalSection(SolutionProperties) = preSolution
		HideSolutionNode = FALSE
	EndGlobalSection
	GlobalSection(ExtensibilityGlobals) = postSolution
		SolutionGuid = {3A1A29C5-AFFD-464C-8442-50BA2898A7B0}
	EndGlobalSection
EndGlobal
